
Microsoft Visual Studio Solution File, Format Version 12.00
# Visual Studio Version 17
VisualStudioVersion = 17.5.33627.172
MinimumVisualStudioVersion = 10.0.40219.1
Project("{9A19103F-16F7-4668-BE54-9A1E7A4F7556}") = "Moth", "Moth\Moth.csproj", "{C6BB9E5B-143C-495A-90BA-623C4E640CFE}"
EndProject
Global
	GlobalSection(SolutionConfigurationPlatforms) = preSolution
		Debug|Any CPU = Debug|Any CPU
		Release|Any CPU = Release|Any CPU
	EndGlobalSection
	GlobalSection(ProjectConfigurationPlatforms) = postSolution
		{C6BB9E5B-143C-495A-90BA-623C4E640CFE}.Debug|Any CPU.ActiveCfg = Debug|Any CPU
		{C6BB9E5B-143C-495A-90BA-623C4E640CFE}.Debug|Any CPU.Build.0 = Debug|Any CPU
		{C6BB9E5B-143C-495A-90BA-623C4E640CFE}.Release|Any CPU.ActiveCfg = Release|Any CPU
		{C6BB9E5B-143C-495A-90BA-623C4E640CFE}.Release|Any CPU.Build.0 = Release|Any CPU
	EndGlobalSection
	GlobalSection(SolutionProperties) = preSolution
		HideSolutionNode = FALSE
	EndGlobalSection
	GlobalSection(ExtensibilityGlobals) = postSolution
		SolutionGuid = {0BC7967D-3571-4EA4-BC46-54B85E564645}
	EndGlobalSection
EndGlobal
